
Microsoft Visual Studio Solution File, Format Version 12.00
# Visual Studio Version 17
VisualStudioVersion = 17.7.34031.279
MinimumVisualStudioVersion = 10.0.40219.1
Project("{FAE04EC0-301F-11D3-BF4B-00C04F79EFBC}") = "ConsoleApp10", "ConsoleApp10\ConsoleApp10.csproj", "{17882024-21B5-4060-B1D5-E5FE378E0D2B}"
EndProject
Global
	GlobalSection(SolutionConfigurationPlatforms) = preSolution
		Debug|Any CPU = Debug|Any CPU
		Release|Any CPU = Release|Any CPU
	EndGlobalSection
	GlobalSection(ProjectConfigurationPlatforms) = postSolution
		{17882024-21B5-4060-B1D5-E5FE378E0D2B}.Debug|Any CPU.ActiveCfg = Debug|Any CPU
		{17882024-21B5-4060-B1D5-E5FE378E0D2B}.Debug|Any CPU.Build.0 = Debug|Any CPU
		{17882024-21B5-4060-B1D5-E5FE378E0D2B}.Release|Any CPU.ActiveCfg = Release|Any CPU
		{17882024-21B5-4060-B1D5-E5FE378E0D2B}.Release|Any CPU.Build.0 = Release|Any CPU
	EndGlobalSection
	GlobalSection(SolutionProperties) = preSolution
		HideSolutionNode = FALSE
	EndGlobalSection
	GlobalSection(ExtensibilityGlobals) = postSolution
		SolutionGuid = {7AEE2EE4-56B2-43F6-9D17-2D98F1E93579}
	EndGlobalSection
EndGlobal
